
Microsoft Visual Studio Solution File, Format Version 12.00
# Visual Studio Version 17
VisualStudioVersion = 17.14.37516.0 d17.14
MinimumVisualStudioVersion = 10.0.40219.1
Project("{FAE04EC0-301F-11D3-BF4B-00C04F79EFBC}") = "HtmldemoGit", "HtmldemoGit\HtmldemoGit.csproj", "{AF96FDB2-5BD5-4306-99D9-A27BA295D7E1}"
EndProject
Global
	GlobalSection(SolutionConfigurationPlatforms) = preSolution
		Debug|Any CPU = Debug|Any CPU
		Release|Any CPU = Release|Any CPU
	EndGlobalSection
	GlobalSection(ProjectConfigurationPlatforms) = postSolution
		{AF96FDB2-5BD5-4306-99D9-A27BA295D7E1}.Debug|Any CPU.ActiveCfg = Debug|Any CPU
		{AF96FDB2-5BD5-4306-99D9-A27BA295D7E1}.Debug|Any CPU.Build.0 = Debug|Any CPU
		{AF96FDB2-5BD5-4306-99D9-A27BA295D7E1}.Release|Any CPU.ActiveCfg = Release|Any CPU
		{AF96FDB2-5BD5-4306-99D9-A27BA295D7E1}.Release|Any CPU.Build.0 = Release|Any CPU
	EndGlobalSection
	GlobalSection(SolutionProperties) = preSolution
		HideSolutionNode = FALSE
	EndGlobalSection
	GlobalSection(ExtensibilityGlobals) = postSolution
		SolutionGuid = {EBD4FB37-B6F4-49CD-A793-CB7D630E6090}
	EndGlobalSection
EndGlobal
